# THIS IS AN AUTOGENERATED FILE. DO NOT EDIT THIS FILE DIRECTLY.
# yarn lockfile v1


"@guardian/consent-management-platform@^13.6.1":
  version "13.6.1"
  resolved "https://registry.yarnpkg.com/@guardian/consent-management-platform/-/consent-management-platform-13.6.1.tgz#528ed9193b1bd96e9f84964a5a1a080de43e29c1"
  integrity sha512-5KQ4dZrqIBKuJCSJ/TTWXZ4F0WXY9ecpMnfOfvNIU9tXF1LAeT+LNv7hfV8eC5qMJskj2yvZZUi7hlwWD+Nq/A==
