# THIS IS AN AUTOGENERATED FILE. DO NOT EDIT THIS FILE DIRECTLY.
# yarn lockfile v1


"@guardian/support-service-lambdas@guardian/support-service-lambdas#54a57a8dfe7611e91cd6837ddda901eddb5295f2":
  version "1.0.0"
  resolved "https://codeload.github.com/guardian/support-service-lambdas/tar.gz/54a57a8dfe7611e91cd6837ddda901eddb5295f2"

husky@^9.0.11:
  version "9.1.4"
  resolved "https://registry.yarnpkg.com/husky/-/husky-9.1.4.tgz#926fd19c18d345add5eab0a42b2b6d9a80259b34"
  integrity sha512-bho94YyReb4JV7LYWRWxZ/xr6TtOTt8cMfmQ39MQYJ7f/YE268s3GdghGwi+y4zAeqewE5zYLvuhV0M0ijsDEA==
